
Microsoft Visual Studio Solution File, Format Version 12.00
# Visual Studio Version 17
VisualStudioVersion = 17.3.32804.467
MinimumVisualStudioVersion = 10.0.40219.1
Project("{FAE04EC0-301F-11D3-BF4B-00C04F79EFBC}") = "QueueSystem.API", "QueueSystem.API.csproj", "{A84FCE33-08C5-4F5E-8E88-B615B3FE18E9}"
EndProject
Global
	GlobalSection(SolutionConfigurationPlatforms) = preSolution
		Debug|Any CPU = Debug|Any CPU
		Release|Any CPU = Release|Any CPU
	EndGlobalSection
	GlobalSection(ProjectConfigurationPlatforms) = postSolution
		{A84FCE33-08C5-4F5E-8E88-B615B3FE18E9}.Debug|Any CPU.ActiveCfg = Debug|Any CPU
		{A84FCE33-08C5-4F5E-8E88-B615B3FE18E9}.Debug|Any CPU.Build.0 = Debug|Any CPU
		{A84FCE33-08C5-4F5E-8E88-B615B3FE18E9}.Release|Any CPU.ActiveCfg = Release|Any CPU
		{A84FCE33-08C5-4F5E-8E88-B615B3FE18E9}.Release|Any CPU.Build.0 = Release|Any CPU
	EndGlobalSection
	GlobalSection(SolutionProperties) = preSolution
		HideSolutionNode = FALSE
	EndGlobalSection
	GlobalSection(ExtensibilityGlobals) = postSolution
		SolutionGuid = {739F6AED-BD6B-4148-84D4-A21BB3FCE977}
	EndGlobalSection
EndGlobal
